
Microsoft Visual Studio Solution File, Format Version 12.00
# Visual Studio Version 17
VisualStudioVersion = 17.9.34723.18
MinimumVisualStudioVersion = 10.0.40219.1
Project("{FAE04EC0-301F-11D3-BF4B-00C04F79EFBC}") = "tajmer", "tajmer\tajmer.csproj", "{B56FBD6E-1161-4048-85CA-ECBC25F8DD4F}"
EndProject
Global
	GlobalSection(SolutionConfigurationPlatforms) = preSolution
		Debug|Any CPU = Debug|Any CPU
		Release|Any CPU = Release|Any CPU
	EndGlobalSection
	GlobalSection(ProjectConfigurationPlatforms) = postSolution
		{B56FBD6E-1161-4048-85CA-ECBC25F8DD4F}.Debug|Any CPU.ActiveCfg = Debug|Any CPU
		{B56FBD6E-1161-4048-85CA-ECBC25F8DD4F}.Debug|Any CPU.Build.0 = Debug|Any CPU
		{B56FBD6E-1161-4048-85CA-ECBC25F8DD4F}.Release|Any CPU.ActiveCfg = Release|Any CPU
		{B56FBD6E-1161-4048-85CA-ECBC25F8DD4F}.Release|Any CPU.Build.0 = Release|Any CPU
	EndGlobalSection
	GlobalSection(SolutionProperties) = preSolution
		HideSolutionNode = FALSE
	EndGlobalSection
	GlobalSection(ExtensibilityGlobals) = postSolution
		SolutionGuid = {E9A053FF-11BB-4680-8C85-DDA4E050A996}
	EndGlobalSection
EndGlobal
